
Microsoft Visual Studio Solution File, Format Version 12.00
# Visual Studio Version 17
VisualStudioVersion = 17.4.33213.308
MinimumVisualStudioVersion = 10.0.40219.1
Project("{9A19103F-16F7-4668-BE54-9A1E7A4F7556}") = "DynamicObjectMapper", "ObjectMapper\DynamicObjectMapper.csproj", "{E9EED1CE-3CA0-4260-9E6E-ECFDA23575B6}"
EndProject
Project("{9A19103F-16F7-4668-BE54-9A1E7A4F7556}") = "DynamicObjectMapper.Tests", "ObjectMapper.Tests\DynamicObjectMapper.Tests.csproj", "{883D6D66-F10D-4947-B2E0-8C2C4380C530}"
EndProject
Global
	GlobalSection(SolutionConfigurationPlatforms) = preSolution
		Debug|Any CPU = Debug|Any CPU
		Release|Any CPU = Release|Any CPU
	EndGlobalSection
	GlobalSection(ProjectConfigurationPlatforms) = postSolution
		{E9EED1CE-3CA0-4260-9E6E-ECFDA23575B6}.Debug|Any CPU.ActiveCfg = Debug|Any CPU
		{E9EED1CE-3CA0-4260-9E6E-ECFDA23575B6}.Debug|Any CPU.Build.0 = Debug|Any CPU
		{E9EED1CE-3CA0-4260-9E6E-ECFDA23575B6}.Release|Any CPU.ActiveCfg = Release|Any CPU
		{E9EED1CE-3CA0-4260-9E6E-ECFDA23575B6}.Release|Any CPU.Build.0 = Release|Any CPU
		{883D6D66-F10D-4947-B2E0-8C2C4380C530}.Debug|Any CPU.ActiveCfg = Debug|Any CPU
		{883D6D66-F10D-4947-B2E0-8C2C4380C530}.Debug|Any CPU.Build.0 = Debug|Any CPU
		{883D6D66-F10D-4947-B2E0-8C2C4380C530}.Release|Any CPU.ActiveCfg = Release|Any CPU
		{883D6D66-F10D-4947-B2E0-8C2C4380C530}.Release|Any CPU.Build.0 = Release|Any CPU
	EndGlobalSection
	GlobalSection(SolutionProperties) = preSolution
		HideSolutionNode = FALSE
	EndGlobalSection
	GlobalSection(ExtensibilityGlobals) = postSolution
		SolutionGuid = {38637F19-3979-43D0-9363-215A00452D6D}
	EndGlobalSection
EndGlobal
