
Microsoft Visual Studio Solution File, Format Version 12.00
# Visual Studio Version 17
VisualStudioVersion = 17.8.34511.84
MinimumVisualStudioVersion = 10.0.40219.1
Project("{FAE04EC0-301F-11D3-BF4B-00C04F79EFBC}") = "DynamicExporter", "DynamicExporter\DynamicExporter.csproj", "{0BBFA226-72D9-4E4B-94B9-02973C33BD1E}"
EndProject
Project("{FAE04EC0-301F-11D3-BF4B-00C04F79EFBC}") = "DynamicExporter.Tests", "DynamicExporter.Tests\DynamicExporter.Tests.csproj", "{32F0404F-E58B-42BD-9958-719F2E124745}"
EndProject
Global
	GlobalSection(SolutionConfigurationPlatforms) = preSolution
		Debug|Any CPU = Debug|Any CPU
		Release|Any CPU = Release|Any CPU
	EndGlobalSection
	GlobalSection(ProjectConfigurationPlatforms) = postSolution
		{0BBFA226-72D9-4E4B-94B9-02973C33BD1E}.Debug|Any CPU.ActiveCfg = Debug|Any CPU
		{0BBFA226-72D9-4E4B-94B9-02973C33BD1E}.Debug|Any CPU.Build.0 = Debug|Any CPU
		{0BBFA226-72D9-4E4B-94B9-02973C33BD1E}.Release|Any CPU.ActiveCfg = Release|Any CPU
		{0BBFA226-72D9-4E4B-94B9-02973C33BD1E}.Release|Any CPU.Build.0 = Release|Any CPU
		{32F0404F-E58B-42BD-9958-719F2E124745}.Debug|Any CPU.ActiveCfg = Debug|Any CPU
		{32F0404F-E58B-42BD-9958-719F2E124745}.Debug|Any CPU.Build.0 = Debug|Any CPU
		{32F0404F-E58B-42BD-9958-719F2E124745}.Release|Any CPU.ActiveCfg = Release|Any CPU
		{32F0404F-E58B-42BD-9958-719F2E124745}.Release|Any CPU.Build.0 = Release|Any CPU
	EndGlobalSection
	GlobalSection(SolutionProperties) = preSolution
		HideSolutionNode = FALSE
	EndGlobalSection
	GlobalSection(ExtensibilityGlobals) = postSolution
		SolutionGuid = {A209680E-5BC2-4058-8BE0-7CE54B47C7C2}
	EndGlobalSection
EndGlobal
